
Microsoft Visual Studio Solution File, Format Version 12.00
# Visual Studio 2013
VisualStudioVersion = 12.0.31101.0
MinimumVisualStudioVersion = 10.0.40219.1
Project("{F088123C-0E9E-452A-89E6-6BA2F21D5CAC}") = "Peach.Supperzzle.Modeling", "Peach.Supperzzle.Modeling\Peach.Supperzzle.Modeling.modelproj", "{FAAACE09-F8FD-41F4-AC91-16B59D7EA7E5}"
EndProject
Project("{FAE04EC0-301F-11D3-BF4B-00C04F79EFBC}") = "Peach.Supperzzle.WPF", "Peach.Supperzzle.WPF\Peach.Supperzzle.WPF.csproj", "{C0AF5881-ACCB-46E9-B97E-0CF940DF8241}"
EndProject
Global
	GlobalSection(TeamFoundationVersionControl) = preSolution
		SccNumberOfProjects = 3
		SccEnterpriseProvider = {4CA58AB2-18FA-4F8D-95D4-32DDF27D184C}
		SccTeamFoundationServer = https://baikangwang.visualstudio.com/defaultcollection
		SccProjectUniqueName0 = Peach.Supperzzle.Modeling\\Peach.Supperzzle.Modeling.modelproj
		SccProjectName0 = Peach.Supperzzle.Modeling
		SccLocalPath0 = Peach.Supperzzle.Modeling
		SccLocalPath1 = .
		SccProjectUniqueName2 = Peach.Supperzzle.WPF\\Peach.Supperzzle.WPF.csproj
		SccProjectName2 = Peach.Supperzzle.WPF
		SccLocalPath2 = Peach.Supperzzle.WPF
	EndGlobalSection
	GlobalSection(SolutionConfigurationPlatforms) = preSolution
		Debug|Any CPU = Debug|Any CPU
		Release|Any CPU = Release|Any CPU
	EndGlobalSection
	GlobalSection(ProjectConfigurationPlatforms) = postSolution
		{FAAACE09-F8FD-41F4-AC91-16B59D7EA7E5}.Debug|Any CPU.ActiveCfg = Debug|Any CPU
		{FAAACE09-F8FD-41F4-AC91-16B59D7EA7E5}.Debug|Any CPU.Build.0 = Debug|Any CPU
		{FAAACE09-F8FD-41F4-AC91-16B59D7EA7E5}.Release|Any CPU.ActiveCfg = Release|Any CPU
		{FAAACE09-F8FD-41F4-AC91-16B59D7EA7E5}.Release|Any CPU.Build.0 = Release|Any CPU
		{C0AF5881-ACCB-46E9-B97E-0CF940DF8241}.Debug|Any CPU.ActiveCfg = Debug|Any CPU
		{C0AF5881-ACCB-46E9-B97E-0CF940DF8241}.Debug|Any CPU.Build.0 = Debug|Any CPU
		{C0AF5881-ACCB-46E9-B97E-0CF940DF8241}.Release|Any CPU.ActiveCfg = Release|Any CPU
		{C0AF5881-ACCB-46E9-B97E-0CF940DF8241}.Release|Any CPU.Build.0 = Release|Any CPU
	EndGlobalSection
	GlobalSection(SolutionProperties) = preSolution
		HideSolutionNode = FALSE
	EndGlobalSection
EndGlobal
