
Microsoft Visual Studio Solution File, Format Version 12.00
# Visual Studio 2013
VisualStudioVersion = 12.0.31101.0
MinimumVisualStudioVersion = 10.0.40219.1
Project("{FAE04EC0-301F-11D3-BF4B-00C04F79EFBC}") = "Peach.Downloader", "Peach.Downloader\Peach.Downloader.csproj", "{A3E89569-AD83-4202-9BF3-FDD687150A61}"
EndProject
Project("{F088123C-0E9E-452A-89E6-6BA2F21D5CAC}") = "Peach.Downloader.Modeling", "Peach.Downloader.Modeling\Peach.Downloader.Modeling.modelproj", "{ABBEE631-411C-4258-B640-BC86EEF1A81B}"
EndProject
Project("{FAE04EC0-301F-11D3-BF4B-00C04F79EFBC}") = "Peach.Downloader.Ting56", "Peach.Downloader.Ting56\Peach.Downloader.Ting56.csproj", "{F7413FC4-2B43-4A40-8AA3-D3F97040DD24}"
EndProject
Project("{FAE04EC0-301F-11D3-BF4B-00C04F79EFBC}") = "Peach.Downloader.TingShu520", "Peach.Downloader.TingShu520\Peach.Downloader.TingShu520.csproj", "{1220A5A2-4CA8-42D1-B2D8-7D9E6D564E75}"
EndProject
Project("{FAE04EC0-301F-11D3-BF4B-00C04F79EFBC}") = "Peach.FLV2MP3.WPF", "Peach.FLV2MP3.WPF\Peach.FLV2MP3.WPF.csproj", "{4CDDFF76-E818-4AEF-8FA6-248F77D1BD96}"
EndProject
Project("{FAE04EC0-301F-11D3-BF4B-00C04F79EFBC}") = "FLVExtract", "..\..\FLV_Extract\Source\FLVExtract.csproj", "{242DA094-9B9E-4F1B-B423-36B2D1E34BD5}"
EndProject
Project("{F184B08F-C81C-45F6-A57F-5ABD9991F28F}") = "FFLib", "..\..\sample\FFLib\FFLib\FFLib.vbproj", "{4227853A-E715-4210-A169-9BD0622C1845}"
EndProject
Project("{FAE04EC0-301F-11D3-BF4B-00C04F79EFBC}") = "Peach.MediaConverter", "..\Peach.MediaConverter\Peach.MediaConverter.csproj", "{06E0BC9B-E0E3-4FEB-B5E1-D8A7C3EC89C0}"
EndProject
Project("{F184B08F-C81C-45F6-A57F-5ABD9991F28F}") = "EncoderSample", "..\..\sample\EncoderSample\EncoderSample\EncoderSample.vbproj", "{2F8E72ED-88E6-4CBD-983E-EF4B265AB19D}"
EndProject
Project("{FAE04EC0-301F-11D3-BF4B-00C04F79EFBC}") = "Peach.MediaConverter.Sample", "..\Peach.MediaConverter\Peach.MediaConverter.Sample\Peach.MediaConverter.Sample.csproj", "{D5EA2BFC-CB77-47D3-B128-89472E49B809}"
EndProject
Global
	GlobalSection(TeamFoundationVersionControl) = preSolution
		SccNumberOfProjects = 9
		SccEnterpriseProvider = {4CA58AB2-18FA-4F8D-95D4-32DDF27D184C}
		SccTeamFoundationServer = https://baikangwang.visualstudio.com/defaultcollection
		SccLocalPath0 = .
		SccProjectUniqueName1 = Peach.Downloader.Modeling\\Peach.Downloader.Modeling.modelproj
		SccProjectName1 = Peach.Downloader.Modeling
		SccLocalPath1 = Peach.Downloader.Modeling
		SccProjectUniqueName2 = Peach.Downloader.Ting56\\Peach.Downloader.Ting56.csproj
		SccProjectName2 = Peach.Downloader.Ting56
		SccLocalPath2 = Peach.Downloader.Ting56
		SccProjectUniqueName3 = Peach.Downloader\\Peach.Downloader.csproj
		SccProjectName3 = Peach.Downloader
		SccLocalPath3 = Peach.Downloader
		SccProjectUniqueName4 = Peach.Downloader.TingShu520\\Peach.Downloader.TingShu520.csproj
		SccProjectName4 = Peach.Downloader.TingShu520
		SccLocalPath4 = Peach.Downloader.TingShu520
		SccProjectUniqueName5 = Peach.FLV2MP3.WPF\\Peach.FLV2MP3.WPF.csproj
		SccProjectName5 = Peach.FLV2MP3.WPF
		SccLocalPath5 = Peach.FLV2MP3.WPF
		SccProjectUniqueName6 = ..\\Peach.MediaConverter\\Peach.MediaConverter.csproj
		SccProjectName6 = ../Peach.MediaConverter
		SccLocalPath6 = ..\\Peach.MediaConverter
		SccProjectUniqueName7 = ..\\..\\sample\\EncoderSample\\EncoderSample\\EncoderSample.vbproj
		SccProjectName7 = ../../sample/EncoderSample/EncoderSample
		SccLocalPath7 = ..\\..\\sample\\EncoderSample\\EncoderSample
		SccProjectUniqueName8 = ..\\Peach.MediaConverter\\Peach.MediaConverter.Sample\\Peach.MediaConverter.Sample.csproj
		SccProjectName8 = ../Peach.MediaConverter/Peach.MediaConverter.Sample
		SccLocalPath8 = ..\\Peach.MediaConverter\\Peach.MediaConverter.Sample
	EndGlobalSection
	GlobalSection(SolutionConfigurationPlatforms) = preSolution
		Debug|Any CPU = Debug|Any CPU
		Debug|Mixed Platforms = Debug|Mixed Platforms
		Debug|x86 = Debug|x86
		Release|Any CPU = Release|Any CPU
		Release|Mixed Platforms = Release|Mixed Platforms
		Release|x86 = Release|x86
	EndGlobalSection
	GlobalSection(ProjectConfigurationPlatforms) = postSolution
		{A3E89569-AD83-4202-9BF3-FDD687150A61}.Debug|Any CPU.ActiveCfg = Debug|Any CPU
		{A3E89569-AD83-4202-9BF3-FDD687150A61}.Debug|Any CPU.Build.0 = Debug|Any CPU
		{A3E89569-AD83-4202-9BF3-FDD687150A61}.Debug|Mixed Platforms.ActiveCfg = Debug|Any CPU
		{A3E89569-AD83-4202-9BF3-FDD687150A61}.Debug|Mixed Platforms.Build.0 = Debug|Any CPU
		{A3E89569-AD83-4202-9BF3-FDD687150A61}.Debug|x86.ActiveCfg = Debug|Any CPU
		{A3E89569-AD83-4202-9BF3-FDD687150A61}.Release|Any CPU.ActiveCfg = Release|Any CPU
		{A3E89569-AD83-4202-9BF3-FDD687150A61}.Release|Any CPU.Build.0 = Release|Any CPU
		{A3E89569-AD83-4202-9BF3-FDD687150A61}.Release|Mixed Platforms.ActiveCfg = Release|Any CPU
		{A3E89569-AD83-4202-9BF3-FDD687150A61}.Release|Mixed Platforms.Build.0 = Release|Any CPU
		{A3E89569-AD83-4202-9BF3-FDD687150A61}.Release|x86.ActiveCfg = Release|Any CPU
		{ABBEE631-411C-4258-B640-BC86EEF1A81B}.Debug|Any CPU.ActiveCfg = Debug|Any CPU
		{ABBEE631-411C-4258-B640-BC86EEF1A81B}.Debug|Any CPU.Build.0 = Debug|Any CPU
		{ABBEE631-411C-4258-B640-BC86EEF1A81B}.Debug|Mixed Platforms.ActiveCfg = Debug|Any CPU
		{ABBEE631-411C-4258-B640-BC86EEF1A81B}.Debug|Mixed Platforms.Build.0 = Debug|Any CPU
		{ABBEE631-411C-4258-B640-BC86EEF1A81B}.Debug|x86.ActiveCfg = Debug|Any CPU
		{ABBEE631-411C-4258-B640-BC86EEF1A81B}.Release|Any CPU.ActiveCfg = Release|Any CPU
		{ABBEE631-411C-4258-B640-BC86EEF1A81B}.Release|Any CPU.Build.0 = Release|Any CPU
		{ABBEE631-411C-4258-B640-BC86EEF1A81B}.Release|Mixed Platforms.ActiveCfg = Release|Any CPU
		{ABBEE631-411C-4258-B640-BC86EEF1A81B}.Release|Mixed Platforms.Build.0 = Release|Any CPU
		{ABBEE631-411C-4258-B640-BC86EEF1A81B}.Release|x86.ActiveCfg = Release|Any CPU
		{F7413FC4-2B43-4A40-8AA3-D3F97040DD24}.Debug|Any CPU.ActiveCfg = Debug|Any CPU
		{F7413FC4-2B43-4A40-8AA3-D3F97040DD24}.Debug|Any CPU.Build.0 = Debug|Any CPU
		{F7413FC4-2B43-4A40-8AA3-D3F97040DD24}.Debug|Mixed Platforms.ActiveCfg = Debug|Any CPU
		{F7413FC4-2B43-4A40-8AA3-D3F97040DD24}.Debug|Mixed Platforms.Build.0 = Debug|Any CPU
		{F7413FC4-2B43-4A40-8AA3-D3F97040DD24}.Debug|x86.ActiveCfg = Debug|Any CPU
		{F7413FC4-2B43-4A40-8AA3-D3F97040DD24}.Release|Any CPU.ActiveCfg = Release|Any CPU
		{F7413FC4-2B43-4A40-8AA3-D3F97040DD24}.Release|Any CPU.Build.0 = Release|Any CPU
		{F7413FC4-2B43-4A40-8AA3-D3F97040DD24}.Release|Mixed Platforms.ActiveCfg = Release|Any CPU
		{F7413FC4-2B43-4A40-8AA3-D3F97040DD24}.Release|Mixed Platforms.Build.0 = Release|Any CPU
		{F7413FC4-2B43-4A40-8AA3-D3F97040DD24}.Release|x86.ActiveCfg = Release|Any CPU
		{1220A5A2-4CA8-42D1-B2D8-7D9E6D564E75}.Debug|Any CPU.ActiveCfg = Debug|Any CPU
		{1220A5A2-4CA8-42D1-B2D8-7D9E6D564E75}.Debug|Any CPU.Build.0 = Debug|Any CPU
		{1220A5A2-4CA8-42D1-B2D8-7D9E6D564E75}.Debug|Mixed Platforms.ActiveCfg = Debug|Any CPU
		{1220A5A2-4CA8-42D1-B2D8-7D9E6D564E75}.Debug|Mixed Platforms.Build.0 = Debug|Any CPU
		{1220A5A2-4CA8-42D1-B2D8-7D9E6D564E75}.Debug|x86.ActiveCfg = Debug|Any CPU
		{1220A5A2-4CA8-42D1-B2D8-7D9E6D564E75}.Release|Any CPU.ActiveCfg = Release|Any CPU
		{1220A5A2-4CA8-42D1-B2D8-7D9E6D564E75}.Release|Any CPU.Build.0 = Release|Any CPU
		{1220A5A2-4CA8-42D1-B2D8-7D9E6D564E75}.Release|Mixed Platforms.ActiveCfg = Release|Any CPU
		{1220A5A2-4CA8-42D1-B2D8-7D9E6D564E75}.Release|Mixed Platforms.Build.0 = Release|Any CPU
		{1220A5A2-4CA8-42D1-B2D8-7D9E6D564E75}.Release|x86.ActiveCfg = Release|Any CPU
		{4CDDFF76-E818-4AEF-8FA6-248F77D1BD96}.Debug|Any CPU.ActiveCfg = Debug|Any CPU
		{4CDDFF76-E818-4AEF-8FA6-248F77D1BD96}.Debug|Any CPU.Build.0 = Debug|Any CPU
		{4CDDFF76-E818-4AEF-8FA6-248F77D1BD96}.Debug|Mixed Platforms.ActiveCfg = Debug|Any CPU
		{4CDDFF76-E818-4AEF-8FA6-248F77D1BD96}.Debug|Mixed Platforms.Build.0 = Debug|Any CPU
		{4CDDFF76-E818-4AEF-8FA6-248F77D1BD96}.Debug|x86.ActiveCfg = Debug|Any CPU
		{4CDDFF76-E818-4AEF-8FA6-248F77D1BD96}.Release|Any CPU.ActiveCfg = Release|Any CPU
		{4CDDFF76-E818-4AEF-8FA6-248F77D1BD96}.Release|Any CPU.Build.0 = Release|Any CPU
		{4CDDFF76-E818-4AEF-8FA6-248F77D1BD96}.Release|Mixed Platforms.ActiveCfg = Release|Any CPU
		{4CDDFF76-E818-4AEF-8FA6-248F77D1BD96}.Release|Mixed Platforms.Build.0 = Release|Any CPU
		{4CDDFF76-E818-4AEF-8FA6-248F77D1BD96}.Release|x86.ActiveCfg = Release|Any CPU
		{242DA094-9B9E-4F1B-B423-36B2D1E34BD5}.Debug|Any CPU.ActiveCfg = Debug|Any CPU
		{242DA094-9B9E-4F1B-B423-36B2D1E34BD5}.Debug|Any CPU.Build.0 = Debug|Any CPU
		{242DA094-9B9E-4F1B-B423-36B2D1E34BD5}.Debug|Mixed Platforms.ActiveCfg = Debug|Any CPU
		{242DA094-9B9E-4F1B-B423-36B2D1E34BD5}.Debug|Mixed Platforms.Build.0 = Debug|Any CPU
		{242DA094-9B9E-4F1B-B423-36B2D1E34BD5}.Debug|x86.ActiveCfg = Debug|Any CPU
		{242DA094-9B9E-4F1B-B423-36B2D1E34BD5}.Release|Any CPU.ActiveCfg = Release|Any CPU
		{242DA094-9B9E-4F1B-B423-36B2D1E34BD5}.Release|Any CPU.Build.0 = Release|Any CPU
		{242DA094-9B9E-4F1B-B423-36B2D1E34BD5}.Release|Mixed Platforms.ActiveCfg = Release|Any CPU
		{242DA094-9B9E-4F1B-B423-36B2D1E34BD5}.Release|Mixed Platforms.Build.0 = Release|Any CPU
		{242DA094-9B9E-4F1B-B423-36B2D1E34BD5}.Release|x86.ActiveCfg = Release|Any CPU
		{4227853A-E715-4210-A169-9BD0622C1845}.Debug|Any CPU.ActiveCfg = Debug|Any CPU
		{4227853A-E715-4210-A169-9BD0622C1845}.Debug|Any CPU.Build.0 = Debug|Any CPU
		{4227853A-E715-4210-A169-9BD0622C1845}.Debug|Mixed Platforms.ActiveCfg = Debug|Any CPU
		{4227853A-E715-4210-A169-9BD0622C1845}.Debug|Mixed Platforms.Build.0 = Debug|Any CPU
		{4227853A-E715-4210-A169-9BD0622C1845}.Debug|x86.ActiveCfg = Debug|Any CPU
		{4227853A-E715-4210-A169-9BD0622C1845}.Release|Any CPU.ActiveCfg = Release|Any CPU
		{4227853A-E715-4210-A169-9BD0622C1845}.Release|Any CPU.Build.0 = Release|Any CPU
		{4227853A-E715-4210-A169-9BD0622C1845}.Release|Mixed Platforms.ActiveCfg = Release|Any CPU
		{4227853A-E715-4210-A169-9BD0622C1845}.Release|Mixed Platforms.Build.0 = Release|Any CPU
		{4227853A-E715-4210-A169-9BD0622C1845}.Release|x86.ActiveCfg = Release|Any CPU
		{06E0BC9B-E0E3-4FEB-B5E1-D8A7C3EC89C0}.Debug|Any CPU.ActiveCfg = Debug|Any CPU
		{06E0BC9B-E0E3-4FEB-B5E1-D8A7C3EC89C0}.Debug|Any CPU.Build.0 = Debug|Any CPU
		{06E0BC9B-E0E3-4FEB-B5E1-D8A7C3EC89C0}.Debug|Mixed Platforms.ActiveCfg = Debug|Any CPU
		{06E0BC9B-E0E3-4FEB-B5E1-D8A7C3EC89C0}.Debug|Mixed Platforms.Build.0 = Debug|Any CPU
		{06E0BC9B-E0E3-4FEB-B5E1-D8A7C3EC89C0}.Debug|x86.ActiveCfg = Debug|Any CPU
		{06E0BC9B-E0E3-4FEB-B5E1-D8A7C3EC89C0}.Release|Any CPU.ActiveCfg = Release|Any CPU
		{06E0BC9B-E0E3-4FEB-B5E1-D8A7C3EC89C0}.Release|Any CPU.Build.0 = Release|Any CPU
		{06E0BC9B-E0E3-4FEB-B5E1-D8A7C3EC89C0}.Release|Mixed Platforms.ActiveCfg = Release|Any CPU
		{06E0BC9B-E0E3-4FEB-B5E1-D8A7C3EC89C0}.Release|Mixed Platforms.Build.0 = Release|Any CPU
		{06E0BC9B-E0E3-4FEB-B5E1-D8A7C3EC89C0}.Release|x86.ActiveCfg = Release|Any CPU
		{2F8E72ED-88E6-4CBD-983E-EF4B265AB19D}.Debug|Any CPU.ActiveCfg = Debug|x86
		{2F8E72ED-88E6-4CBD-983E-EF4B265AB19D}.Debug|Mixed Platforms.ActiveCfg = Debug|x86
		{2F8E72ED-88E6-4CBD-983E-EF4B265AB19D}.Debug|Mixed Platforms.Build.0 = Debug|x86
		{2F8E72ED-88E6-4CBD-983E-EF4B265AB19D}.Debug|x86.ActiveCfg = Debug|x86
		{2F8E72ED-88E6-4CBD-983E-EF4B265AB19D}.Debug|x86.Build.0 = Debug|x86
		{2F8E72ED-88E6-4CBD-983E-EF4B265AB19D}.Release|Any CPU.ActiveCfg = Release|x86
		{2F8E72ED-88E6-4CBD-983E-EF4B265AB19D}.Release|Mixed Platforms.ActiveCfg = Release|x86
		{2F8E72ED-88E6-4CBD-983E-EF4B265AB19D}.Release|Mixed Platforms.Build.0 = Release|x86
		{2F8E72ED-88E6-4CBD-983E-EF4B265AB19D}.Release|x86.ActiveCfg = Release|x86
		{2F8E72ED-88E6-4CBD-983E-EF4B265AB19D}.Release|x86.Build.0 = Release|x86
		{D5EA2BFC-CB77-47D3-B128-89472E49B809}.Debug|Any CPU.ActiveCfg = Debug|Any CPU
		{D5EA2BFC-CB77-47D3-B128-89472E49B809}.Debug|Any CPU.Build.0 = Debug|Any CPU
		{D5EA2BFC-CB77-47D3-B128-89472E49B809}.Debug|Mixed Platforms.ActiveCfg = Debug|Any CPU
		{D5EA2BFC-CB77-47D3-B128-89472E49B809}.Debug|Mixed Platforms.Build.0 = Debug|Any CPU
		{D5EA2BFC-CB77-47D3-B128-89472E49B809}.Debug|x86.ActiveCfg = Debug|Any CPU
		{D5EA2BFC-CB77-47D3-B128-89472E49B809}.Release|Any CPU.ActiveCfg = Release|Any CPU
		{D5EA2BFC-CB77-47D3-B128-89472E49B809}.Release|Any CPU.Build.0 = Release|Any CPU
		{D5EA2BFC-CB77-47D3-B128-89472E49B809}.Release|Mixed Platforms.ActiveCfg = Release|Any CPU
		{D5EA2BFC-CB77-47D3-B128-89472E49B809}.Release|Mixed Platforms.Build.0 = Release|Any CPU
		{D5EA2BFC-CB77-47D3-B128-89472E49B809}.Release|x86.ActiveCfg = Release|Any CPU
	EndGlobalSection
	GlobalSection(SolutionProperties) = preSolution
		HideSolutionNode = FALSE
	EndGlobalSection
EndGlobal
