
Microsoft Visual Studio Solution File, Format Version 12.00
# Visual Studio 2012
Project("{FAE04EC0-301F-11D3-BF4B-00C04F79EFBC}") = "Peach.Core", "Peach.Core\Peach.Core.csproj", "{D64F87BB-5235-4115-A0A2-679F2EDA3DEA}"
EndProject
Global
	GlobalSection(TeamFoundationVersionControl) = preSolution
		SccNumberOfProjects = 2
		SccEnterpriseProvider = {4CA58AB2-18FA-4F8D-95D4-32DDF27D184C}
		SccTeamFoundationServer = https://baikangwang.visualstudio.com/defaultcollection
		SccLocalPath0 = .
		SccProjectUniqueName1 = Peach.Core\\Peach.Core.csproj
		SccProjectName1 = Peach.Core
		SccLocalPath1 = Peach.Core
	EndGlobalSection
	GlobalSection(SolutionConfigurationPlatforms) = preSolution
		Debug|Any CPU = Debug|Any CPU
		Release|Any CPU = Release|Any CPU
	EndGlobalSection
	GlobalSection(ProjectConfigurationPlatforms) = postSolution
		{D64F87BB-5235-4115-A0A2-679F2EDA3DEA}.Debug|Any CPU.ActiveCfg = Debug|Any CPU
		{D64F87BB-5235-4115-A0A2-679F2EDA3DEA}.Debug|Any CPU.Build.0 = Debug|Any CPU
		{D64F87BB-5235-4115-A0A2-679F2EDA3DEA}.Release|Any CPU.ActiveCfg = Release|Any CPU
		{D64F87BB-5235-4115-A0A2-679F2EDA3DEA}.Release|Any CPU.Build.0 = Release|Any CPU
	EndGlobalSection
	GlobalSection(SolutionProperties) = preSolution
		HideSolutionNode = FALSE
	EndGlobalSection
EndGlobal
